
Microsoft Visual Studio Solution File, Format Version 12.00
# Visual Studio Version 17
VisualStudioVersion = 17.9.34723.18
MinimumVisualStudioVersion = 10.0.40219.1
Project("{9A19103F-16F7-4668-BE54-9A1E7A4F7556}") = "TaskManager.Api", "TaskManager.Api\TaskManager.Api.csproj", "{F40DD9FF-142E-4ACA-8C88-B4636FBB3AD3}"
EndProject
Project("{FAE04EC0-301F-11D3-BF4B-00C04F79EFBC}") = "TaskManager.Business", "TaskManager.Business\TaskManager.Business.csproj", "{D2ABF472-236A-4963-878B-A079C279D7BA}"
EndProject
Project("{FAE04EC0-301F-11D3-BF4B-00C04F79EFBC}") = "TaskManager.Data", "TaskManager.Data\TaskManager.Data.csproj", "{2DE1FEBE-877B-45DB-8695-B8CE7E12EA47}"
EndProject
Project("{FAE04EC0-301F-11D3-BF4B-00C04F79EFBC}") = "TaskManager.Domain", "TaskManager.Domain\TaskManager.Domain.csproj", "{289748CB-7054-4AEA-957F-E9E1BD5B5881}"
EndProject
Global
	GlobalSection(SolutionConfigurationPlatforms) = preSolution
		Debug|Any CPU = Debug|Any CPU
		Release|Any CPU = Release|Any CPU
	EndGlobalSection
	GlobalSection(ProjectConfigurationPlatforms) = postSolution
		{F40DD9FF-142E-4ACA-8C88-B4636FBB3AD3}.Debug|Any CPU.ActiveCfg = Debug|Any CPU
		{F40DD9FF-142E-4ACA-8C88-B4636FBB3AD3}.Debug|Any CPU.Build.0 = Debug|Any CPU
		{F40DD9FF-142E-4ACA-8C88-B4636FBB3AD3}.Release|Any CPU.ActiveCfg = Release|Any CPU
		{F40DD9FF-142E-4ACA-8C88-B4636FBB3AD3}.Release|Any CPU.Build.0 = Release|Any CPU
		{D2ABF472-236A-4963-878B-A079C279D7BA}.Debug|Any CPU.ActiveCfg = Debug|Any CPU
		{D2ABF472-236A-4963-878B-A079C279D7BA}.Debug|Any CPU.Build.0 = Debug|Any CPU
		{D2ABF472-236A-4963-878B-A079C279D7BA}.Release|Any CPU.ActiveCfg = Release|Any CPU
		{D2ABF472-236A-4963-878B-A079C279D7BA}.Release|Any CPU.Build.0 = Release|Any CPU
		{2DE1FEBE-877B-45DB-8695-B8CE7E12EA47}.Debug|Any CPU.ActiveCfg = Debug|Any CPU
		{2DE1FEBE-877B-45DB-8695-B8CE7E12EA47}.Debug|Any CPU.Build.0 = Debug|Any CPU
		{2DE1FEBE-877B-45DB-8695-B8CE7E12EA47}.Release|Any CPU.ActiveCfg = Release|Any CPU
		{2DE1FEBE-877B-45DB-8695-B8CE7E12EA47}.Release|Any CPU.Build.0 = Release|Any CPU
		{289748CB-7054-4AEA-957F-E9E1BD5B5881}.Debug|Any CPU.ActiveCfg = Debug|Any CPU
		{289748CB-7054-4AEA-957F-E9E1BD5B5881}.Debug|Any CPU.Build.0 = Debug|Any CPU
		{289748CB-7054-4AEA-957F-E9E1BD5B5881}.Release|Any CPU.ActiveCfg = Release|Any CPU
		{289748CB-7054-4AEA-957F-E9E1BD5B5881}.Release|Any CPU.Build.0 = Release|Any CPU
	EndGlobalSection
	GlobalSection(SolutionProperties) = preSolution
		HideSolutionNode = FALSE
	EndGlobalSection
	GlobalSection(ExtensibilityGlobals) = postSolution
		SolutionGuid = {A5C3AFC1-1CDC-4A5E-93B9-4B70F924F8E6}
	EndGlobalSection
EndGlobal
